
Microsoft Visual Studio Solution File, Format Version 12.00
# Visual Studio Version 17
VisualStudioVersion = 17.0.31903.59
MinimumVisualStudioVersion = 10.0.40219.1
Project("{2150E333-8FDC-42A3-9474-1A3956D46DE8}") = "src", "src", "{5455F700-7567-467C-B0A9-7632A89E1E5D}"
EndProject
Project("{2150E333-8FDC-42A3-9474-1A3956D46DE8}") = "Day01", "Day01", "{819BBE98-99BA-481E-85FF-C174CED12AA7}"
EndProject
Project("{FAE04EC0-301F-11D3-BF4B-00C04F79EFBC}") = "Day01.App", "src\Day01\Day01.App\Day01.App.csproj", "{7F3FA0F6-AD3A-4DF0-8F9E-5656FBBAC401}"
EndProject
Project("{FAE04EC0-301F-11D3-BF4B-00C04F79EFBC}") = "Day01.UnitTests", "src\Day01\Day01.UnitTests\Day01.UnitTests.csproj", "{61609CC8-D627-46FC-B751-AAE2BE1E2424}"
EndProject
Project("{FAE04EC0-301F-11D3-BF4B-00C04F79EFBC}") = "Advent.Util", "src\Advent.Util\Advent.Util.csproj", "{7273D109-3009-477B-A07B-3DDA3A82FDAE}"
EndProject
Project("{FAE04EC0-301F-11D3-BF4B-00C04F79EFBC}") = "Benchmark", "src\Benchmark\Benchmark.csproj", "{BC89AA7A-F5CE-46E4-84CA-C2914534E3D1}"
EndProject
Project("{FAE04EC0-301F-11D3-BF4B-00C04F79EFBC}") = "Advent.Unit.UnitTests", "src\Advent.Unit.UnitTests\Advent.Unit.UnitTests.csproj", "{405C2D47-7250-4372-B495-938D9A3C2097}"
EndProject
Project("{2150E333-8FDC-42A3-9474-1A3956D46DE8}") = "Day02", "Day02", "{502BC675-8156-4859-A7D3-690BEBD0AB2B}"
EndProject
Project("{FAE04EC0-301F-11D3-BF4B-00C04F79EFBC}") = "Day02.App", "src\Day02\Day02.App\Day02.App.csproj", "{B3FE0D93-3397-4451-A426-1EEB57627232}"
EndProject
Project("{FAE04EC0-301F-11D3-BF4B-00C04F79EFBC}") = "Day02.UnitTests", "src\Day02\Day02.UnitTests\Day02.UnitTests.csproj", "{4115AE6D-80B4-41E4-A6C2-F5B7E7403712}"
EndProject
Global
	GlobalSection(SolutionConfigurationPlatforms) = preSolution
		Debug|Any CPU = Debug|Any CPU
		Release|Any CPU = Release|Any CPU
	EndGlobalSection
	GlobalSection(SolutionProperties) = preSolution
		HideSolutionNode = FALSE
	EndGlobalSection
	GlobalSection(ProjectConfigurationPlatforms) = postSolution
		{7F3FA0F6-AD3A-4DF0-8F9E-5656FBBAC401}.Debug|Any CPU.ActiveCfg = Debug|Any CPU
		{7F3FA0F6-AD3A-4DF0-8F9E-5656FBBAC401}.Debug|Any CPU.Build.0 = Debug|Any CPU
		{7F3FA0F6-AD3A-4DF0-8F9E-5656FBBAC401}.Release|Any CPU.ActiveCfg = Release|Any CPU
		{7F3FA0F6-AD3A-4DF0-8F9E-5656FBBAC401}.Release|Any CPU.Build.0 = Release|Any CPU
		{61609CC8-D627-46FC-B751-AAE2BE1E2424}.Debug|Any CPU.ActiveCfg = Debug|Any CPU
		{61609CC8-D627-46FC-B751-AAE2BE1E2424}.Debug|Any CPU.Build.0 = Debug|Any CPU
		{61609CC8-D627-46FC-B751-AAE2BE1E2424}.Release|Any CPU.ActiveCfg = Release|Any CPU
		{61609CC8-D627-46FC-B751-AAE2BE1E2424}.Release|Any CPU.Build.0 = Release|Any CPU
		{7273D109-3009-477B-A07B-3DDA3A82FDAE}.Debug|Any CPU.ActiveCfg = Debug|Any CPU
		{7273D109-3009-477B-A07B-3DDA3A82FDAE}.Debug|Any CPU.Build.0 = Debug|Any CPU
		{7273D109-3009-477B-A07B-3DDA3A82FDAE}.Release|Any CPU.ActiveCfg = Release|Any CPU
		{7273D109-3009-477B-A07B-3DDA3A82FDAE}.Release|Any CPU.Build.0 = Release|Any CPU
		{BC89AA7A-F5CE-46E4-84CA-C2914534E3D1}.Debug|Any CPU.ActiveCfg = Debug|Any CPU
		{BC89AA7A-F5CE-46E4-84CA-C2914534E3D1}.Debug|Any CPU.Build.0 = Debug|Any CPU
		{BC89AA7A-F5CE-46E4-84CA-C2914534E3D1}.Release|Any CPU.ActiveCfg = Release|Any CPU
		{BC89AA7A-F5CE-46E4-84CA-C2914534E3D1}.Release|Any CPU.Build.0 = Release|Any CPU
		{405C2D47-7250-4372-B495-938D9A3C2097}.Debug|Any CPU.ActiveCfg = Debug|Any CPU
		{405C2D47-7250-4372-B495-938D9A3C2097}.Debug|Any CPU.Build.0 = Debug|Any CPU
		{405C2D47-7250-4372-B495-938D9A3C2097}.Release|Any CPU.ActiveCfg = Release|Any CPU
		{405C2D47-7250-4372-B495-938D9A3C2097}.Release|Any CPU.Build.0 = Release|Any CPU
		{B3FE0D93-3397-4451-A426-1EEB57627232}.Debug|Any CPU.ActiveCfg = Debug|Any CPU
		{B3FE0D93-3397-4451-A426-1EEB57627232}.Debug|Any CPU.Build.0 = Debug|Any CPU
		{B3FE0D93-3397-4451-A426-1EEB57627232}.Release|Any CPU.ActiveCfg = Release|Any CPU
		{B3FE0D93-3397-4451-A426-1EEB57627232}.Release|Any CPU.Build.0 = Release|Any CPU
		{4115AE6D-80B4-41E4-A6C2-F5B7E7403712}.Debug|Any CPU.ActiveCfg = Debug|Any CPU
		{4115AE6D-80B4-41E4-A6C2-F5B7E7403712}.Debug|Any CPU.Build.0 = Debug|Any CPU
		{4115AE6D-80B4-41E4-A6C2-F5B7E7403712}.Release|Any CPU.ActiveCfg = Release|Any CPU
		{4115AE6D-80B4-41E4-A6C2-F5B7E7403712}.Release|Any CPU.Build.0 = Release|Any CPU
	EndGlobalSection
	GlobalSection(NestedProjects) = preSolution
		{819BBE98-99BA-481E-85FF-C174CED12AA7} = {5455F700-7567-467C-B0A9-7632A89E1E5D}
		{7F3FA0F6-AD3A-4DF0-8F9E-5656FBBAC401} = {819BBE98-99BA-481E-85FF-C174CED12AA7}
		{61609CC8-D627-46FC-B751-AAE2BE1E2424} = {819BBE98-99BA-481E-85FF-C174CED12AA7}
		{7273D109-3009-477B-A07B-3DDA3A82FDAE} = {5455F700-7567-467C-B0A9-7632A89E1E5D}
		{BC89AA7A-F5CE-46E4-84CA-C2914534E3D1} = {5455F700-7567-467C-B0A9-7632A89E1E5D}
		{405C2D47-7250-4372-B495-938D9A3C2097} = {5455F700-7567-467C-B0A9-7632A89E1E5D}
		{502BC675-8156-4859-A7D3-690BEBD0AB2B} = {5455F700-7567-467C-B0A9-7632A89E1E5D}
		{B3FE0D93-3397-4451-A426-1EEB57627232} = {502BC675-8156-4859-A7D3-690BEBD0AB2B}
		{4115AE6D-80B4-41E4-A6C2-F5B7E7403712} = {502BC675-8156-4859-A7D3-690BEBD0AB2B}
	EndGlobalSection
EndGlobal
