
Microsoft Visual Studio Solution File, Format Version 12.00
# Visual Studio Version 17
VisualStudioVersion = 17.0.31903.59
MinimumVisualStudioVersion = 10.0.40219.1
Project("{2150E333-8FDC-42A3-9474-1A3956D46DE8}") = "src", "src", "{5455F700-7567-467C-B0A9-7632A89E1E5D}"
EndProject
Project("{2150E333-8FDC-42A3-9474-1A3956D46DE8}") = "Day01", "Day01", "{819BBE98-99BA-481E-85FF-C174CED12AA7}"
EndProject
Project("{FAE04EC0-301F-11D3-BF4B-00C04F79EFBC}") = "Day01.App", "src\Day01\Day01.App\Day01.App.csproj", "{7F3FA0F6-AD3A-4DF0-8F9E-5656FBBAC401}"
EndProject
Project("{FAE04EC0-301F-11D3-BF4B-00C04F79EFBC}") = "Day01.UnitTests", "src\Day01\Day01.UnitTests\Day01.UnitTests.csproj", "{61609CC8-D627-46FC-B751-AAE2BE1E2424}"
EndProject
Project("{FAE04EC0-301F-11D3-BF4B-00C04F79EFBC}") = "Advent.Util", "src\Advent.Util\Advent.Util.csproj", "{7273D109-3009-477B-A07B-3DDA3A82FDAE}"
EndProject
Project("{FAE04EC0-301F-11D3-BF4B-00C04F79EFBC}") = "Benchmark", "src\Benchmark\Benchmark.csproj", "{BC89AA7A-F5CE-46E4-84CA-C2914534E3D1}"
EndProject
Project("{FAE04EC0-301F-11D3-BF4B-00C04F79EFBC}") = "Advent.Unit.UnitTests", "src\Advent.Unit.UnitTests\Advent.Unit.UnitTests.csproj", "{405C2D47-7250-4372-B495-938D9A3C2097}"
EndProject
Project("{2150E333-8FDC-42A3-9474-1A3956D46DE8}") = "Day02", "Day02", "{502BC675-8156-4859-A7D3-690BEBD0AB2B}"
EndProject
Project("{FAE04EC0-301F-11D3-BF4B-00C04F79EFBC}") = "Day02.App", "src\Day02\Day02.App\Day02.App.csproj", "{B3FE0D93-3397-4451-A426-1EEB57627232}"
EndProject
Project("{FAE04EC0-301F-11D3-BF4B-00C04F79EFBC}") = "Day02.UnitTests", "src\Day02\Day02.UnitTests\Day02.UnitTests.csproj", "{4115AE6D-80B4-41E4-A6C2-F5B7E7403712}"
EndProject
Project("{2150E333-8FDC-42A3-9474-1A3956D46DE8}") = "Day03", "Day03", "{EE4ABB2E-4ADF-43D3-A16E-32121EE4D6F2}"
EndProject
Project("{FAE04EC0-301F-11D3-BF4B-00C04F79EFBC}") = "Day03.App", "src\Day03\Day03.App\Day03.App.csproj", "{79F08F16-75E7-4137-9C8D-507280836F83}"
EndProject
Project("{FAE04EC0-301F-11D3-BF4B-00C04F79EFBC}") = "Day03.UnitTests", "src\Day03\Day03.UnitTests\Day03.UnitTests.csproj", "{D92F53AF-A77E-4535-8CA7-FC72EE670099}"
EndProject
Project("{2150E333-8FDC-42A3-9474-1A3956D46DE8}") = "Day04", "Day04", "{C7F3BECD-3B09-42A8-8829-9DC9F43EC5FE}"
EndProject
Project("{FAE04EC0-301F-11D3-BF4B-00C04F79EFBC}") = "Day04.App", "src\Day04\Day04.App\Day04.App.csproj", "{747077A1-EE7C-455F-8DA5-56D0BE76408F}"
EndProject
Project("{FAE04EC0-301F-11D3-BF4B-00C04F79EFBC}") = "Day04.UnitTests", "src\Day04\Day04.UnitTests\Day04.UnitTests.csproj", "{7BAFA239-3A1B-4829-A969-7FB286649513}"
EndProject
Project("{2150E333-8FDC-42A3-9474-1A3956D46DE8}") = "Day05", "Day05", "{8F0C8FE4-DB89-40D7-B756-E1CEFB94E041}"
EndProject
Project("{FAE04EC0-301F-11D3-BF4B-00C04F79EFBC}") = "Day05.App", "src\Day05\Day05.App\Day05.App.csproj", "{DB5EA463-022B-4186-A1BA-2BC89E3F2B9A}"
EndProject
Project("{FAE04EC0-301F-11D3-BF4B-00C04F79EFBC}") = "Day05.UnitTests", "src\Day05\Day05.UnitTests\Day05.UnitTests.csproj", "{7EC3EF38-3430-4CF0-B379-778A7CA51F36}"
EndProject
Project("{2150E333-8FDC-42A3-9474-1A3956D46DE8}") = "Day06", "Day06", "{55D61592-769C-45E8-B55F-1F5701CAC5E6}"
EndProject
Project("{FAE04EC0-301F-11D3-BF4B-00C04F79EFBC}") = "Day06.App", "src\Day06\Day06.App\Day06.App.csproj", "{07023E4E-EC4A-4A8D-A35D-FDCB042256D6}"
EndProject
Project("{FAE04EC0-301F-11D3-BF4B-00C04F79EFBC}") = "Day06.UnitTests", "src\Day06\Day06.UnitTests\Day06.UnitTests.csproj", "{090A88CE-0227-4D46-8CCC-F345165E756D}"
EndProject
Project("{2150E333-8FDC-42A3-9474-1A3956D46DE8}") = "Day07", "Day07", "{99711AE2-0CE6-4C68-9E59-DDC112AB6755}"
EndProject
Project("{FAE04EC0-301F-11D3-BF4B-00C04F79EFBC}") = "Day07.App", "src\Day07\Day07.App\Day07.App.csproj", "{023EA8C2-C15B-4C64-A4B1-A7D13F65B141}"
EndProject
Project("{FAE04EC0-301F-11D3-BF4B-00C04F79EFBC}") = "Day07.UnitTests", "src\Day07\Day07.UnitTests\Day07.UnitTests.csproj", "{FCDC87FD-1AFD-4B8B-85A1-7584E373BDCD}"
EndProject
Project("{2150E333-8FDC-42A3-9474-1A3956D46DE8}") = "Day08", "Day08", "{E7818A33-F7BA-4ED2-90D1-C2709074E8E4}"
EndProject
Project("{FAE04EC0-301F-11D3-BF4B-00C04F79EFBC}") = "Day08.App", "src\Day08\Day08.App\Day08.App.csproj", "{301474AB-B179-4B7E-8B58-794690750F19}"
EndProject
Project("{FAE04EC0-301F-11D3-BF4B-00C04F79EFBC}") = "Day08.UnitTests", "src\Day08\Day08.UnitTests\Day08.UnitTests.csproj", "{D08B8233-A879-494A-A491-4E570BF1725F}"
EndProject
Project("{2150E333-8FDC-42A3-9474-1A3956D46DE8}") = "Day09", "Day09", "{D8F44356-FE65-44DC-8FB7-46F6915EB1F0}"
EndProject
Project("{FAE04EC0-301F-11D3-BF4B-00C04F79EFBC}") = "Day09.App", "src\Day09\Day09.App\Day09.App.csproj", "{2DF6F4D4-4E38-422E-AF51-81B6CBBE38BD}"
EndProject
Project("{FAE04EC0-301F-11D3-BF4B-00C04F79EFBC}") = "Day09.UnitTests", "src\Day09\Day09.UnitTests\Day09.UnitTests.csproj", "{59F7CF17-30FF-4669-8BF2-9949B2BE46D6}"
EndProject
Project("{2150E333-8FDC-42A3-9474-1A3956D46DE8}") = "Day10", "Day10", "{3A59AC97-37D0-4DEF-A6BE-19A8EAE664E2}"
EndProject
Project("{FAE04EC0-301F-11D3-BF4B-00C04F79EFBC}") = "Day10.App", "src\Day10\Day10.App\Day10.App.csproj", "{2B831583-AEEE-4A92-A6A3-EC42449A4760}"
EndProject
Project("{FAE04EC0-301F-11D3-BF4B-00C04F79EFBC}") = "Day10.UnitTests", "src\Day10\Day10.UnitTests\Day10.UnitTests.csproj", "{44E7650D-C02E-4B3B-8CCE-4AF16F8B7F27}"
EndProject
Global
	GlobalSection(SolutionConfigurationPlatforms) = preSolution
		Debug|Any CPU = Debug|Any CPU
		Release|Any CPU = Release|Any CPU
	EndGlobalSection
	GlobalSection(SolutionProperties) = preSolution
		HideSolutionNode = FALSE
	EndGlobalSection
	GlobalSection(ProjectConfigurationPlatforms) = postSolution
		{7F3FA0F6-AD3A-4DF0-8F9E-5656FBBAC401}.Debug|Any CPU.ActiveCfg = Debug|Any CPU
		{7F3FA0F6-AD3A-4DF0-8F9E-5656FBBAC401}.Debug|Any CPU.Build.0 = Debug|Any CPU
		{7F3FA0F6-AD3A-4DF0-8F9E-5656FBBAC401}.Release|Any CPU.ActiveCfg = Release|Any CPU
		{7F3FA0F6-AD3A-4DF0-8F9E-5656FBBAC401}.Release|Any CPU.Build.0 = Release|Any CPU
		{61609CC8-D627-46FC-B751-AAE2BE1E2424}.Debug|Any CPU.ActiveCfg = Debug|Any CPU
		{61609CC8-D627-46FC-B751-AAE2BE1E2424}.Debug|Any CPU.Build.0 = Debug|Any CPU
		{61609CC8-D627-46FC-B751-AAE2BE1E2424}.Release|Any CPU.ActiveCfg = Release|Any CPU
		{61609CC8-D627-46FC-B751-AAE2BE1E2424}.Release|Any CPU.Build.0 = Release|Any CPU
		{7273D109-3009-477B-A07B-3DDA3A82FDAE}.Debug|Any CPU.ActiveCfg = Debug|Any CPU
		{7273D109-3009-477B-A07B-3DDA3A82FDAE}.Debug|Any CPU.Build.0 = Debug|Any CPU
		{7273D109-3009-477B-A07B-3DDA3A82FDAE}.Release|Any CPU.ActiveCfg = Release|Any CPU
		{7273D109-3009-477B-A07B-3DDA3A82FDAE}.Release|Any CPU.Build.0 = Release|Any CPU
		{BC89AA7A-F5CE-46E4-84CA-C2914534E3D1}.Debug|Any CPU.ActiveCfg = Debug|Any CPU
		{BC89AA7A-F5CE-46E4-84CA-C2914534E3D1}.Debug|Any CPU.Build.0 = Debug|Any CPU
		{BC89AA7A-F5CE-46E4-84CA-C2914534E3D1}.Release|Any CPU.ActiveCfg = Release|Any CPU
		{BC89AA7A-F5CE-46E4-84CA-C2914534E3D1}.Release|Any CPU.Build.0 = Release|Any CPU
		{405C2D47-7250-4372-B495-938D9A3C2097}.Debug|Any CPU.ActiveCfg = Debug|Any CPU
		{405C2D47-7250-4372-B495-938D9A3C2097}.Debug|Any CPU.Build.0 = Debug|Any CPU
		{405C2D47-7250-4372-B495-938D9A3C2097}.Release|Any CPU.ActiveCfg = Release|Any CPU
		{405C2D47-7250-4372-B495-938D9A3C2097}.Release|Any CPU.Build.0 = Release|Any CPU
		{B3FE0D93-3397-4451-A426-1EEB57627232}.Debug|Any CPU.ActiveCfg = Debug|Any CPU
		{B3FE0D93-3397-4451-A426-1EEB57627232}.Debug|Any CPU.Build.0 = Debug|Any CPU
		{B3FE0D93-3397-4451-A426-1EEB57627232}.Release|Any CPU.ActiveCfg = Release|Any CPU
		{B3FE0D93-3397-4451-A426-1EEB57627232}.Release|Any CPU.Build.0 = Release|Any CPU
		{4115AE6D-80B4-41E4-A6C2-F5B7E7403712}.Debug|Any CPU.ActiveCfg = Debug|Any CPU
		{4115AE6D-80B4-41E4-A6C2-F5B7E7403712}.Debug|Any CPU.Build.0 = Debug|Any CPU
		{4115AE6D-80B4-41E4-A6C2-F5B7E7403712}.Release|Any CPU.ActiveCfg = Release|Any CPU
		{4115AE6D-80B4-41E4-A6C2-F5B7E7403712}.Release|Any CPU.Build.0 = Release|Any CPU
		{79F08F16-75E7-4137-9C8D-507280836F83}.Debug|Any CPU.ActiveCfg = Debug|Any CPU
		{79F08F16-75E7-4137-9C8D-507280836F83}.Debug|Any CPU.Build.0 = Debug|Any CPU
		{79F08F16-75E7-4137-9C8D-507280836F83}.Release|Any CPU.ActiveCfg = Release|Any CPU
		{79F08F16-75E7-4137-9C8D-507280836F83}.Release|Any CPU.Build.0 = Release|Any CPU
		{D92F53AF-A77E-4535-8CA7-FC72EE670099}.Debug|Any CPU.ActiveCfg = Debug|Any CPU
		{D92F53AF-A77E-4535-8CA7-FC72EE670099}.Debug|Any CPU.Build.0 = Debug|Any CPU
		{D92F53AF-A77E-4535-8CA7-FC72EE670099}.Release|Any CPU.ActiveCfg = Release|Any CPU
		{D92F53AF-A77E-4535-8CA7-FC72EE670099}.Release|Any CPU.Build.0 = Release|Any CPU
		{747077A1-EE7C-455F-8DA5-56D0BE76408F}.Debug|Any CPU.ActiveCfg = Debug|Any CPU
		{747077A1-EE7C-455F-8DA5-56D0BE76408F}.Debug|Any CPU.Build.0 = Debug|Any CPU
		{747077A1-EE7C-455F-8DA5-56D0BE76408F}.Release|Any CPU.ActiveCfg = Release|Any CPU
		{747077A1-EE7C-455F-8DA5-56D0BE76408F}.Release|Any CPU.Build.0 = Release|Any CPU
		{7BAFA239-3A1B-4829-A969-7FB286649513}.Debug|Any CPU.ActiveCfg = Debug|Any CPU
		{7BAFA239-3A1B-4829-A969-7FB286649513}.Debug|Any CPU.Build.0 = Debug|Any CPU
		{7BAFA239-3A1B-4829-A969-7FB286649513}.Release|Any CPU.ActiveCfg = Release|Any CPU
		{7BAFA239-3A1B-4829-A969-7FB286649513}.Release|Any CPU.Build.0 = Release|Any CPU
		{DB5EA463-022B-4186-A1BA-2BC89E3F2B9A}.Debug|Any CPU.ActiveCfg = Debug|Any CPU
		{DB5EA463-022B-4186-A1BA-2BC89E3F2B9A}.Debug|Any CPU.Build.0 = Debug|Any CPU
		{DB5EA463-022B-4186-A1BA-2BC89E3F2B9A}.Release|Any CPU.ActiveCfg = Release|Any CPU
		{DB5EA463-022B-4186-A1BA-2BC89E3F2B9A}.Release|Any CPU.Build.0 = Release|Any CPU
		{7EC3EF38-3430-4CF0-B379-778A7CA51F36}.Debug|Any CPU.ActiveCfg = Debug|Any CPU
		{7EC3EF38-3430-4CF0-B379-778A7CA51F36}.Debug|Any CPU.Build.0 = Debug|Any CPU
		{7EC3EF38-3430-4CF0-B379-778A7CA51F36}.Release|Any CPU.ActiveCfg = Release|Any CPU
		{7EC3EF38-3430-4CF0-B379-778A7CA51F36}.Release|Any CPU.Build.0 = Release|Any CPU
		{07023E4E-EC4A-4A8D-A35D-FDCB042256D6}.Debug|Any CPU.ActiveCfg = Debug|Any CPU
		{07023E4E-EC4A-4A8D-A35D-FDCB042256D6}.Debug|Any CPU.Build.0 = Debug|Any CPU
		{07023E4E-EC4A-4A8D-A35D-FDCB042256D6}.Release|Any CPU.ActiveCfg = Release|Any CPU
		{07023E4E-EC4A-4A8D-A35D-FDCB042256D6}.Release|Any CPU.Build.0 = Release|Any CPU
		{090A88CE-0227-4D46-8CCC-F345165E756D}.Debug|Any CPU.ActiveCfg = Debug|Any CPU
		{090A88CE-0227-4D46-8CCC-F345165E756D}.Debug|Any CPU.Build.0 = Debug|Any CPU
		{090A88CE-0227-4D46-8CCC-F345165E756D}.Release|Any CPU.ActiveCfg = Release|Any CPU
		{090A88CE-0227-4D46-8CCC-F345165E756D}.Release|Any CPU.Build.0 = Release|Any CPU
		{023EA8C2-C15B-4C64-A4B1-A7D13F65B141}.Debug|Any CPU.ActiveCfg = Debug|Any CPU
		{023EA8C2-C15B-4C64-A4B1-A7D13F65B141}.Debug|Any CPU.Build.0 = Debug|Any CPU
		{023EA8C2-C15B-4C64-A4B1-A7D13F65B141}.Release|Any CPU.ActiveCfg = Release|Any CPU
		{023EA8C2-C15B-4C64-A4B1-A7D13F65B141}.Release|Any CPU.Build.0 = Release|Any CPU
		{FCDC87FD-1AFD-4B8B-85A1-7584E373BDCD}.Debug|Any CPU.ActiveCfg = Debug|Any CPU
		{FCDC87FD-1AFD-4B8B-85A1-7584E373BDCD}.Debug|Any CPU.Build.0 = Debug|Any CPU
		{FCDC87FD-1AFD-4B8B-85A1-7584E373BDCD}.Release|Any CPU.ActiveCfg = Release|Any CPU
		{FCDC87FD-1AFD-4B8B-85A1-7584E373BDCD}.Release|Any CPU.Build.0 = Release|Any CPU
		{301474AB-B179-4B7E-8B58-794690750F19}.Debug|Any CPU.ActiveCfg = Debug|Any CPU
		{301474AB-B179-4B7E-8B58-794690750F19}.Debug|Any CPU.Build.0 = Debug|Any CPU
		{301474AB-B179-4B7E-8B58-794690750F19}.Release|Any CPU.ActiveCfg = Release|Any CPU
		{301474AB-B179-4B7E-8B58-794690750F19}.Release|Any CPU.Build.0 = Release|Any CPU
		{D08B8233-A879-494A-A491-4E570BF1725F}.Debug|Any CPU.ActiveCfg = Debug|Any CPU
		{D08B8233-A879-494A-A491-4E570BF1725F}.Debug|Any CPU.Build.0 = Debug|Any CPU
		{D08B8233-A879-494A-A491-4E570BF1725F}.Release|Any CPU.ActiveCfg = Release|Any CPU
		{D08B8233-A879-494A-A491-4E570BF1725F}.Release|Any CPU.Build.0 = Release|Any CPU
		{2DF6F4D4-4E38-422E-AF51-81B6CBBE38BD}.Debug|Any CPU.ActiveCfg = Debug|Any CPU
		{2DF6F4D4-4E38-422E-AF51-81B6CBBE38BD}.Debug|Any CPU.Build.0 = Debug|Any CPU
		{2DF6F4D4-4E38-422E-AF51-81B6CBBE38BD}.Release|Any CPU.ActiveCfg = Release|Any CPU
		{2DF6F4D4-4E38-422E-AF51-81B6CBBE38BD}.Release|Any CPU.Build.0 = Release|Any CPU
		{59F7CF17-30FF-4669-8BF2-9949B2BE46D6}.Debug|Any CPU.ActiveCfg = Debug|Any CPU
		{59F7CF17-30FF-4669-8BF2-9949B2BE46D6}.Debug|Any CPU.Build.0 = Debug|Any CPU
		{59F7CF17-30FF-4669-8BF2-9949B2BE46D6}.Release|Any CPU.ActiveCfg = Release|Any CPU
		{59F7CF17-30FF-4669-8BF2-9949B2BE46D6}.Release|Any CPU.Build.0 = Release|Any CPU
		{2B831583-AEEE-4A92-A6A3-EC42449A4760}.Debug|Any CPU.ActiveCfg = Debug|Any CPU
		{2B831583-AEEE-4A92-A6A3-EC42449A4760}.Debug|Any CPU.Build.0 = Debug|Any CPU
		{2B831583-AEEE-4A92-A6A3-EC42449A4760}.Release|Any CPU.ActiveCfg = Release|Any CPU
		{2B831583-AEEE-4A92-A6A3-EC42449A4760}.Release|Any CPU.Build.0 = Release|Any CPU
		{44E7650D-C02E-4B3B-8CCE-4AF16F8B7F27}.Debug|Any CPU.ActiveCfg = Debug|Any CPU
		{44E7650D-C02E-4B3B-8CCE-4AF16F8B7F27}.Debug|Any CPU.Build.0 = Debug|Any CPU
		{44E7650D-C02E-4B3B-8CCE-4AF16F8B7F27}.Release|Any CPU.ActiveCfg = Release|Any CPU
		{44E7650D-C02E-4B3B-8CCE-4AF16F8B7F27}.Release|Any CPU.Build.0 = Release|Any CPU
	EndGlobalSection
	GlobalSection(NestedProjects) = preSolution
		{819BBE98-99BA-481E-85FF-C174CED12AA7} = {5455F700-7567-467C-B0A9-7632A89E1E5D}
		{7F3FA0F6-AD3A-4DF0-8F9E-5656FBBAC401} = {819BBE98-99BA-481E-85FF-C174CED12AA7}
		{61609CC8-D627-46FC-B751-AAE2BE1E2424} = {819BBE98-99BA-481E-85FF-C174CED12AA7}
		{7273D109-3009-477B-A07B-3DDA3A82FDAE} = {5455F700-7567-467C-B0A9-7632A89E1E5D}
		{BC89AA7A-F5CE-46E4-84CA-C2914534E3D1} = {5455F700-7567-467C-B0A9-7632A89E1E5D}
		{405C2D47-7250-4372-B495-938D9A3C2097} = {5455F700-7567-467C-B0A9-7632A89E1E5D}
		{502BC675-8156-4859-A7D3-690BEBD0AB2B} = {5455F700-7567-467C-B0A9-7632A89E1E5D}
		{B3FE0D93-3397-4451-A426-1EEB57627232} = {502BC675-8156-4859-A7D3-690BEBD0AB2B}
		{4115AE6D-80B4-41E4-A6C2-F5B7E7403712} = {502BC675-8156-4859-A7D3-690BEBD0AB2B}
		{EE4ABB2E-4ADF-43D3-A16E-32121EE4D6F2} = {5455F700-7567-467C-B0A9-7632A89E1E5D}
		{79F08F16-75E7-4137-9C8D-507280836F83} = {EE4ABB2E-4ADF-43D3-A16E-32121EE4D6F2}
		{D92F53AF-A77E-4535-8CA7-FC72EE670099} = {EE4ABB2E-4ADF-43D3-A16E-32121EE4D6F2}
		{C7F3BECD-3B09-42A8-8829-9DC9F43EC5FE} = {5455F700-7567-467C-B0A9-7632A89E1E5D}
		{747077A1-EE7C-455F-8DA5-56D0BE76408F} = {C7F3BECD-3B09-42A8-8829-9DC9F43EC5FE}
		{7BAFA239-3A1B-4829-A969-7FB286649513} = {C7F3BECD-3B09-42A8-8829-9DC9F43EC5FE}
		{8F0C8FE4-DB89-40D7-B756-E1CEFB94E041} = {5455F700-7567-467C-B0A9-7632A89E1E5D}
		{DB5EA463-022B-4186-A1BA-2BC89E3F2B9A} = {8F0C8FE4-DB89-40D7-B756-E1CEFB94E041}
		{7EC3EF38-3430-4CF0-B379-778A7CA51F36} = {8F0C8FE4-DB89-40D7-B756-E1CEFB94E041}
		{55D61592-769C-45E8-B55F-1F5701CAC5E6} = {5455F700-7567-467C-B0A9-7632A89E1E5D}
		{07023E4E-EC4A-4A8D-A35D-FDCB042256D6} = {55D61592-769C-45E8-B55F-1F5701CAC5E6}
		{090A88CE-0227-4D46-8CCC-F345165E756D} = {55D61592-769C-45E8-B55F-1F5701CAC5E6}
		{99711AE2-0CE6-4C68-9E59-DDC112AB6755} = {5455F700-7567-467C-B0A9-7632A89E1E5D}
		{023EA8C2-C15B-4C64-A4B1-A7D13F65B141} = {99711AE2-0CE6-4C68-9E59-DDC112AB6755}
		{FCDC87FD-1AFD-4B8B-85A1-7584E373BDCD} = {99711AE2-0CE6-4C68-9E59-DDC112AB6755}
		{E7818A33-F7BA-4ED2-90D1-C2709074E8E4} = {5455F700-7567-467C-B0A9-7632A89E1E5D}
		{301474AB-B179-4B7E-8B58-794690750F19} = {E7818A33-F7BA-4ED2-90D1-C2709074E8E4}
		{D08B8233-A879-494A-A491-4E570BF1725F} = {E7818A33-F7BA-4ED2-90D1-C2709074E8E4}
		{D8F44356-FE65-44DC-8FB7-46F6915EB1F0} = {5455F700-7567-467C-B0A9-7632A89E1E5D}
		{2DF6F4D4-4E38-422E-AF51-81B6CBBE38BD} = {D8F44356-FE65-44DC-8FB7-46F6915EB1F0}
		{59F7CF17-30FF-4669-8BF2-9949B2BE46D6} = {D8F44356-FE65-44DC-8FB7-46F6915EB1F0}
		{3A59AC97-37D0-4DEF-A6BE-19A8EAE664E2} = {5455F700-7567-467C-B0A9-7632A89E1E5D}
		{2B831583-AEEE-4A92-A6A3-EC42449A4760} = {3A59AC97-37D0-4DEF-A6BE-19A8EAE664E2}
		{44E7650D-C02E-4B3B-8CCE-4AF16F8B7F27} = {3A59AC97-37D0-4DEF-A6BE-19A8EAE664E2}
	EndGlobalSection
EndGlobal
